
Microsoft Visual Studio Solution File, Format Version 12.00
# Visual Studio Version 17
VisualStudioVersion = 17.4.33205.214
MinimumVisualStudioVersion = 10.0.40219.1
Project("{8BC9CEB8-8B4A-11D0-8D11-00A0C91BC942}") = "HomoGebra", "HomoGebra\HomoGebra.vcxproj", "{A54D9B6D-DFDB-482D-8258-8591B5D1C8DE}"
EndProject
Project("{8BC9CEB8-8B4A-11D0-8D11-00A0C91BC942}") = "HomoGebra Tests", "HomoGebra Tests\HomoGebra Tests.vcxproj", "{28A473F4-135F-4579-AF64-8F172F5CF856}"
EndProject
Project("{2150E333-8FDC-42A3-9474-1A3956D46DE8}") = "Элементы решения", "Элементы решения", "{14E11F36-A085-4F37-9ABC-BE54538A38B1}"
EndProject
Global
	GlobalSection(SolutionConfigurationPlatforms) = preSolution
		Debug|x64 = Debug|x64
		Debug|x86 = Debug|x86
		Release|x64 = Release|x64
		Release|x86 = Release|x86
	EndGlobalSection
	GlobalSection(ProjectConfigurationPlatforms) = postSolution
		{A54D9B6D-DFDB-482D-8258-8591B5D1C8DE}.Debug|x64.ActiveCfg = Debug|x64
		{A54D9B6D-DFDB-482D-8258-8591B5D1C8DE}.Debug|x64.Build.0 = Debug|x64
		{A54D9B6D-DFDB-482D-8258-8591B5D1C8DE}.Debug|x86.ActiveCfg = Debug|Win32
		{A54D9B6D-DFDB-482D-8258-8591B5D1C8DE}.Debug|x86.Build.0 = Debug|Win32
		{A54D9B6D-DFDB-482D-8258-8591B5D1C8DE}.Release|x64.ActiveCfg = Release|x64
		{A54D9B6D-DFDB-482D-8258-8591B5D1C8DE}.Release|x64.Build.0 = Release|x64
		{A54D9B6D-DFDB-482D-8258-8591B5D1C8DE}.Release|x86.ActiveCfg = Release|Win32
		{A54D9B6D-DFDB-482D-8258-8591B5D1C8DE}.Release|x86.Build.0 = Release|Win32
		{28A473F4-135F-4579-AF64-8F172F5CF856}.Debug|x64.ActiveCfg = Debug|x64
		{28A473F4-135F-4579-AF64-8F172F5CF856}.Debug|x64.Build.0 = Debug|x64
		{28A473F4-135F-4579-AF64-8F172F5CF856}.Debug|x86.ActiveCfg = Debug|Win32
		{28A473F4-135F-4579-AF64-8F172F5CF856}.Debug|x86.Build.0 = Debug|Win32
		{28A473F4-135F-4579-AF64-8F172F5CF856}.Release|x64.ActiveCfg = Release|x64
		{28A473F4-135F-4579-AF64-8F172F5CF856}.Release|x64.Build.0 = Release|x64
		{28A473F4-135F-4579-AF64-8F172F5CF856}.Release|x86.ActiveCfg = Release|Win32
		{28A473F4-135F-4579-AF64-8F172F5CF856}.Release|x86.Build.0 = Release|Win32
	EndGlobalSection
	GlobalSection(SolutionProperties) = preSolution
		HideSolutionNode = FALSE
	EndGlobalSection
	GlobalSection(ExtensibilityGlobals) = postSolution
		SolutionGuid = {135456AF-69F4-44A6-9474-B523F3F07F8D}
	EndGlobalSection
EndGlobal
